// !$*UTF8*$!
{
	archiveVersion = 1;
	classes = {
	};
	objectVersion = 50;
	objects = {

/* Begin PBXBuildFile section */
		7C6DE2BA23AD0BA700E082BD /* TMDBClient.swift in Sources */ = {isa = PBXBuildFile; fileRef = 7C6DE2B923AD0BA700E082BD /* TMDBClient.swift */; };
		7C6DE2C123AFA3A000E082BD /* TokenResponse.swift in Sources */ = {isa = PBXBuildFile; fileRef = 7C6DE2C023AFA3A000E082BD /* TokenResponse.swift */; };
		7C6DE2C723AFA87200E082BD /* LoginRequest.swift in Sources */ = {isa = PBXBuildFile; fileRef = 7C6DE2C623AFA87200E082BD /* LoginRequest.swift */; };
		7C6DE2C923AFB3C700E082BD /* PostSession.swift in Sources */ = {isa = PBXBuildFile; fileRef = 7C6DE2C823AFB3C700E082BD /* PostSession.swift */; };
		7C6DE2CB23AFB3EB00E082BD /* SessionResponse.swift in Sources */ = {isa = PBXBuildFile; fileRef = 7C6DE2CA23AFB3EB00E082BD /* SessionResponse.swift */; };
		7C6DE2CD23AFBFB400E082BD /* TMDBResponse.swift in Sources */ = {isa = PBXBuildFile; fileRef = 7C6DE2CC23AFBFB400E082BD /* TMDBResponse.swift */; };
		7C6DE2CF23AFCE6A00E082BD /* Movie.swift in Sources */ = {isa = PBXBuildFile; fileRef = 7C6DE2CE23AFCE6A00E082BD /* Movie.swift */; };
		7C6DE2D323AFD1D300E082BD /* SearchViewController.swift in Sources */ = {isa = PBXBuildFile; fileRef = 7C6DE2D223AFD1D300E082BD /* SearchViewController.swift */; };
		7C6DE2D523AFD34100E082BD /* MovieResults.swift in Sources */ = {isa = PBXBuildFile; fileRef = 7C6DE2D423AFD34100E082BD /* MovieResults.swift */; };
		7C6DE2D723AFD94A00E082BD /* MovieDetailViewController.swift in Sources */ = {isa = PBXBuildFile; fileRef = 7C6DE2D623AFD94A00E082BD /* MovieDetailViewController.swift */; };
		7C76C65D23ACEC17007AA56B /* AppDelegate.swift in Sources */ = {isa = PBXBuildFile; fileRef = 7C76C65C23ACEC17007AA56B /* AppDelegate.swift */; };
		7C76C65F23ACEC17007AA56B /* SceneDelegate.swift in Sources */ = {isa = PBXBuildFile; fileRef = 7C76C65E23ACEC17007AA56B /* SceneDelegate.swift */; };
		7C76C66123ACEC17007AA56B /* LoginViewController.swift in Sources */ = {isa = PBXBuildFile; fileRef = 7C76C66023ACEC17007AA56B /* LoginViewController.swift */; };
		7C76C66423ACEC17007AA56B /* Main.storyboard in Resources */ = {isa = PBXBuildFile; fileRef = 7C76C66223ACEC17007AA56B /* Main.storyboard */; };
		7C76C66623ACEC18007AA56B /* Assets.xcassets in Resources */ = {isa = PBXBuildFile; fileRef = 7C76C66523ACEC18007AA56B /* Assets.xcassets */; };
		7C76C66923ACEC18007AA56B /* LaunchScreen.storyboard in Resources */ = {isa = PBXBuildFile; fileRef = 7C76C66723ACEC18007AA56B /* LaunchScreen.storyboard */; };
		7C76C67323ACF692007AA56B /* keys.plist in Resources */ = {isa = PBXBuildFile; fileRef = 7C76C67223ACF692007AA56B /* keys.plist */; };
/* End PBXBuildFile section */

/* Begin PBXFileReference section */
		7C6DE2B923AD0BA700E082BD /* TMDBClient.swift */ = {isa = PBXFileReference; lastKnownFileType = sourcecode.swift; path = TMDBClient.swift; sourceTree = "<group>"; };
		7C6DE2C023AFA3A000E082BD /* TokenResponse.swift */ = {isa = PBXFileReference; lastKnownFileType = sourcecode.swift; path = TokenResponse.swift; sourceTree = "<group>"; };
		7C6DE2C623AFA87200E082BD /* LoginRequest.swift */ = {isa = PBXFileReference; lastKnownFileType = sourcecode.swift; path = LoginRequest.swift; sourceTree = "<group>"; };
		7C6DE2C823AFB3C700E082BD /* PostSession.swift */ = {isa = PBXFileReference; lastKnownFileType = sourcecode.swift; path = PostSession.swift; sourceTree = "<group>"; };
		7C6DE2CA23AFB3EB00E082BD /* SessionResponse.swift */ = {isa = PBXFileReference; lastKnownFileType = sourcecode.swift; path = SessionResponse.swift; sourceTree = "<group>"; };
		7C6DE2CC23AFBFB400E082BD /* TMDBResponse.swift */ = {isa = PBXFileReference; lastKnownFileType = sourcecode.swift; path = TMDBResponse.swift; sourceTree = "<group>"; };
		7C6DE2CE23AFCE6A00E082BD /* Movie.swift */ = {isa = PBXFileReference; lastKnownFileType = sourcecode.swift; path = Movie.swift; sourceTree = "<group>"; };
		7C6DE2D223AFD1D300E082BD /* SearchViewController.swift */ = {isa = PBXFileReference; lastKnownFileType = sourcecode.swift; path = SearchViewController.swift; sourceTree = "<group>"; };
		7C6DE2D423AFD34100E082BD /* MovieResults.swift */ = {isa = PBXFileReference; lastKnownFileType = sourcecode.swift; path = MovieResults.swift; sourceTree = "<group>"; };
		7C6DE2D623AFD94A00E082BD /* MovieDetailViewController.swift */ = {isa = PBXFileReference; lastKnownFileType = sourcecode.swift; path = MovieDetailViewController.swift; sourceTree = "<group>"; };
		7C76C65923ACEC17007AA56B /* TMDBManager.app */ = {isa = PBXFileReference; explicitFileType = wrapper.application; includeInIndex = 0; path = TMDBManager.app; sourceTree = BUILT_PRODUCTS_DIR; };
		7C76C65C23ACEC17007AA56B /* AppDelegate.swift */ = {isa = PBXFileReference; lastKnownFileType = sourcecode.swift; path = AppDelegate.swift; sourceTree = "<group>"; };
		7C76C65E23ACEC17007AA56B /* SceneDelegate.swift */ = {isa = PBXFileReference; lastKnownFileType = sourcecode.swift; path = SceneDelegate.swift; sourceTree = "<group>"; };
		7C76C66023ACEC17007AA56B /* LoginViewController.swift */ = {isa = PBXFileReference; lastKnownFileType = sourcecode.swift; path = LoginViewController.swift; sourceTree = "<group>"; };
		7C76C66323ACEC17007AA56B /* Base */ = {isa = PBXFileReference; lastKnownFileType = file.storyboard; name = Base; path = Base.lproj/Main.storyboard; sourceTree = "<group>"; };
		7C76C66523ACEC18007AA56B /* Assets.xcassets */ = {isa = PBXFileReference; lastKnownFileType = folder.assetcatalog; path = Assets.xcassets; sourceTree = "<group>"; };
		7C76C66823ACEC18007AA56B /* Base */ = {isa = PBXFileReference; lastKnownFileType = file.storyboard; name = Base; path = Base.lproj/LaunchScreen.storyboard; sourceTree = "<group>"; };
		7C76C66A23ACEC18007AA56B /* Info.plist */ = {isa = PBXFileReference; lastKnownFileType = text.plist.xml; path = Info.plist; sourceTree = "<group>"; };
		7C76C67223ACF692007AA56B /* keys.plist */ = {isa = PBXFileReference; lastKnownFileType = text.plist.xml; path = keys.plist; sourceTree = "<group>"; };
/* End PBXFileReference section */

/* Begin PBXFrameworksBuildPhase section */
		7C76C65623ACEC17007AA56B /* Frameworks */ = {
			isa = PBXFrameworksBuildPhase;
			buildActionMask = 2147483647;
			files = (
			);
			runOnlyForDeploymentPostprocessing = 0;
		};
/* End PBXFrameworksBuildPhase section */

/* Begin PBXGroup section */
		7C6DE2B623AD0A9D00E082BD /* Model */ = {
			isa = PBXGroup;
			children = (
				7C6DE2D823AFE3F000E082BD /* Data */,
				7C6DE2BB23AD141100E082BD /* TMDB Client */,
				7C6DE2BD23AD143200E082BD /* TMDB Responses */,
				7C6DE2BC23AD142100E082BD /* TMDB Requests */,
			);
			path = Model;
			sourceTree = "<group>";
		};
		7C6DE2B723AD0AAA00E082BD /* Controller */ = {
			isa = PBXGroup;
			children = (
				7C76C66023ACEC17007AA56B /* LoginViewController.swift */,
				7C6DE2D223AFD1D300E082BD /* SearchViewController.swift */,
				7C6DE2D623AFD94A00E082BD /* MovieDetailViewController.swift */,
			);
			path = Controller;
			sourceTree = "<group>";
		};
		7C6DE2B823AD0AB800E082BD /* Assets */ = {
			isa = PBXGroup;
			children = (
				7C76C66223ACEC17007AA56B /* Main.storyboard */,
				7C76C66523ACEC18007AA56B /* Assets.xcassets */,
				7C76C66723ACEC18007AA56B /* LaunchScreen.storyboard */,
			);
			path = Assets;
			sourceTree = "<group>";
		};
		7C6DE2BB23AD141100E082BD /* TMDB Client */ = {
			isa = PBXGroup;
			children = (
				7C6DE2B923AD0BA700E082BD /* TMDBClient.swift */,
			);
			path = "TMDB Client";
			sourceTree = "<group>";
		};
		7C6DE2BC23AD142100E082BD /* TMDB Requests */ = {
			isa = PBXGroup;
			children = (
				7C6DE2C623AFA87200E082BD /* LoginRequest.swift */,
				7C6DE2C823AFB3C700E082BD /* PostSession.swift */,
			);
			path = "TMDB Requests";
			sourceTree = "<group>";
		};
		7C6DE2BD23AD143200E082BD /* TMDB Responses */ = {
			isa = PBXGroup;
			children = (
				7C6DE2C023AFA3A000E082BD /* TokenResponse.swift */,
				7C6DE2CA23AFB3EB00E082BD /* SessionResponse.swift */,
				7C6DE2CC23AFBFB400E082BD /* TMDBResponse.swift */,
				7C6DE2CE23AFCE6A00E082BD /* Movie.swift */,
				7C6DE2D423AFD34100E082BD /* MovieResults.swift */,
			);
			path = "TMDB Responses";
			sourceTree = "<group>";
		};
		7C6DE2D823AFE3F000E082BD /* Data */ = {
			isa = PBXGroup;
			children = (
			);
			path = Data;
			sourceTree = "<group>";
		};
		7C76C65023ACEC17007AA56B = {
			isa = PBXGroup;
			children = (
				7C76C65B23ACEC17007AA56B /* TMDBManager */,
				7C76C65A23ACEC17007AA56B /* Products */,
			);
			sourceTree = "<group>";
		};
		7C76C65A23ACEC17007AA56B /* Products */ = {
			isa = PBXGroup;
			children = (
				7C76C65923ACEC17007AA56B /* TMDBManager.app */,
			);
			name = Products;
			sourceTree = "<group>";
		};
		7C76C65B23ACEC17007AA56B /* TMDBManager */ = {
			isa = PBXGroup;
			children = (
				7C76C65C23ACEC17007AA56B /* AppDelegate.swift */,
				7C76C65E23ACEC17007AA56B /* SceneDelegate.swift */,
				7C6DE2B623AD0A9D00E082BD /* Model */,
				7C6DE2B723AD0AAA00E082BD /* Controller */,
				7C6DE2B823AD0AB800E082BD /* Assets */,
				7C76C66A23ACEC18007AA56B /* Info.plist */,
				7C76C67223ACF692007AA56B /* keys.plist */,
			);
			path = TMDBManager;
			sourceTree = "<group>";
		};
/* End PBXGroup section */

/* Begin PBXNativeTarget section */
		7C76C65823ACEC17007AA56B /* TMDBManager */ = {
			isa = PBXNativeTarget;
			buildConfigurationList = 7C76C66D23ACEC18007AA56B /* Build configuration list for PBXNativeTarget "TMDBManager" */;
			buildPhases = (
				7C76C65523ACEC17007AA56B /* Sources */,
				7C76C65623ACEC17007AA56B /* Frameworks */,
				7C76C65723ACEC17007AA56B /* Resources */,
			);
			buildRules = (
			);
			dependencies = (
			);
			name = TMDBManager;
			productName = TMDBManager;
			productReference = 7C76C65923ACEC17007AA56B /* TMDBManager.app */;
			productType = "com.apple.product-type.application";
		};
/* End PBXNativeTarget section */

/* Begin PBXProject section */
		7C76C65123ACEC17007AA56B /* Project object */ = {
			isa = PBXProject;
			attributes = {
				LastSwiftUpdateCheck = 1100;
				LastUpgradeCheck = 1100;
				TargetAttributes = {
					7C76C65823ACEC17007AA56B = {
						CreatedOnToolsVersion = 11.0;
					};
				};
			};
			buildConfigurationList = 7C76C65423ACEC17007AA56B /* Build configuration list for PBXProject "TMDBManager" */;
			compatibilityVersion = "Xcode 9.3";
			developmentRegion = en;
			hasScannedForEncodings = 0;
			knownRegions = (
				en,
				Base,
			);
			mainGroup = 7C76C65023ACEC17007AA56B;
			productRefGroup = 7C76C65A23ACEC17007AA56B /* Products */;
			projectDirPath = "";
			projectRoot = "";
			targets = (
				7C76C65823ACEC17007AA56B /* TMDBManager */,
			);
		};
/* End PBXProject section */

/* Begin PBXResourcesBuildPhase section */
		7C76C65723ACEC17007AA56B /* Resources */ = {
			isa = PBXResourcesBuildPhase;
			buildActionMask = 2147483647;
			files = (
				7C76C67323ACF692007AA56B /* keys.plist in Resources */,
				7C76C66923ACEC18007AA56B /* LaunchScreen.storyboard in Resources */,
				7C76C66623ACEC18007AA56B /* Assets.xcassets in Resources */,
				7C76C66423ACEC17007AA56B /* Main.storyboard in Resources */,
			);
			runOnlyForDeploymentPostprocessing = 0;
		};
/* End PBXResourcesBuildPhase section */

/* Begin PBXSourcesBuildPhase section */
		7C76C65523ACEC17007AA56B /* Sources */ = {
			isa = PBXSourcesBuildPhase;
			buildActionMask = 2147483647;
			files = (
				7C76C66123ACEC17007AA56B /* LoginViewController.swift in Sources */,
				7C6DE2D323AFD1D300E082BD /* SearchViewController.swift in Sources */,
				7C6DE2CD23AFBFB400E082BD /* TMDBResponse.swift in Sources */,
				7C6DE2BA23AD0BA700E082BD /* TMDBClient.swift in Sources */,
				7C6DE2D723AFD94A00E082BD /* MovieDetailViewController.swift in Sources */,
				7C76C65D23ACEC17007AA56B /* AppDelegate.swift in Sources */,
				7C6DE2CF23AFCE6A00E082BD /* Movie.swift in Sources */,
				7C6DE2CB23AFB3EB00E082BD /* SessionResponse.swift in Sources */,
				7C6DE2D523AFD34100E082BD /* MovieResults.swift in Sources */,
				7C76C65F23ACEC17007AA56B /* SceneDelegate.swift in Sources */,
				7C6DE2C123AFA3A000E082BD /* TokenResponse.swift in Sources */,
				7C6DE2C923AFB3C700E082BD /* PostSession.swift in Sources */,
				7C6DE2C723AFA87200E082BD /* LoginRequest.swift in Sources */,
			);
			runOnlyForDeploymentPostprocessing = 0;
		};
/* End PBXSourcesBuildPhase section */

/* Begin PBXVariantGroup section */
		7C76C66223ACEC17007AA56B /* Main.storyboard */ = {
			isa = PBXVariantGroup;
			children = (
				7C76C66323ACEC17007AA56B /* Base */,
			);
			name = Main.storyboard;
			sourceTree = "<group>";
		};
		7C76C66723ACEC18007AA56B /* LaunchScreen.storyboard */ = {
			isa = PBXVariantGroup;
			children = (
				7C76C66823ACEC18007AA56B /* Base */,
			);
			name = LaunchScreen.storyboard;
			sourceTree = "<group>";
		};
/* End PBXVariantGroup section */

/* Begin XCBuildConfiguration section */
		7C76C66B23ACEC18007AA56B /* Debug */ = {
			isa = XCBuildConfiguration;
			buildSettings = {
				ALWAYS_SEARCH_USER_PATHS = NO;
				CLANG_ANALYZER_NONNULL = YES;
				CLANG_ANALYZER_NUMBER_OBJECT_CONVERSION = YES_AGGRESSIVE;
				CLANG_CXX_LANGUAGE_STANDARD = "gnu++14";
				CLANG_CXX_LIBRARY = "libc++";
				CLANG_ENABLE_MODULES = YES;
				CLANG_ENABLE_OBJC_ARC = YES;
				CLANG_ENABLE_OBJC_WEAK = YES;
				CLANG_WARN_BLOCK_CAPTURE_AUTORELEASING = YES;
				CLANG_WARN_BOOL_CONVERSION = YES;
				CLANG_WARN_COMMA = YES;
				CLANG_WARN_CONSTANT_CONVERSION = YES;
				CLANG_WARN_DEPRECATED_OBJC_IMPLEMENTATIONS = YES;
				CLANG_WARN_DIRECT_OBJC_ISA_USAGE = YES_ERROR;
				CLANG_WARN_DOCUMENTATION_COMMENTS = YES;
				CLANG_WARN_EMPTY_BODY = YES;
				CLANG_WARN_ENUM_CONVERSION = YES;
				CLANG_WARN_INFINITE_RECURSION = YES;
				CLANG_WARN_INT_CONVERSION = YES;
				CLANG_WARN_NON_LITERAL_NULL_CONVERSION = YES;
				CLANG_WARN_OBJC_IMPLICIT_RETAIN_SELF = YES;
				CLANG_WARN_OBJC_LITERAL_CONVERSION = YES;
				CLANG_WARN_OBJC_ROOT_CLASS = YES_ERROR;
				CLANG_WARN_RANGE_LOOP_ANALYSIS = YES;
				CLANG_WARN_STRICT_PROTOTYPES = YES;
				CLANG_WARN_SUSPICIOUS_MOVE = YES;
				CLANG_WARN_UNGUARDED_AVAILABILITY = YES_AGGRESSIVE;
				CLANG_WARN_UNREACHABLE_CODE = YES;
				CLANG_WARN__DUPLICATE_METHOD_MATCH = YES;
				COPY_PHASE_STRIP = NO;
				DEBUG_INFORMATION_FORMAT = dwarf;
				ENABLE_STRICT_OBJC_MSGSEND = YES;
				ENABLE_TESTABILITY = YES;
				GCC_C_LANGUAGE_STANDARD = gnu11;
				GCC_DYNAMIC_NO_PIC = NO;
				GCC_NO_COMMON_BLOCKS = YES;
				GCC_OPTIMIZATION_LEVEL = 0;
				GCC_PREPROCESSOR_DEFINITIONS = (
					"DEBUG=1",
					"$(inherited)",
				);
				GCC_WARN_64_TO_32_BIT_CONVERSION = YES;
				GCC_WARN_ABOUT_RETURN_TYPE = YES_ERROR;
				GCC_WARN_UNDECLARED_SELECTOR = YES;
				GCC_WARN_UNINITIALIZED_AUTOS = YES_AGGRESSIVE;
				GCC_WARN_UNUSED_FUNCTION = YES;
				GCC_WARN_UNUSED_VARIABLE = YES;
				IPHONEOS_DEPLOYMENT_TARGET = 13.0;
				MTL_ENABLE_DEBUG_INFO = INCLUDE_SOURCE;
				MTL_FAST_MATH = YES;
				ONLY_ACTIVE_ARCH = YES;
				SDKROOT = iphoneos;
				SWIFT_ACTIVE_COMPILATION_CONDITIONS = DEBUG;
				SWIFT_OPTIMIZATION_LEVEL = "-Onone";
			};
			name = Debug;
		};
		7C76C66C23ACEC18007AA56B /* Release */ = {
			isa = XCBuildConfiguration;
			buildSettings = {
				ALWAYS_SEARCH_USER_PATHS = NO;
				CLANG_ANALYZER_NONNULL = YES;
				CLANG_ANALYZER_NUMBER_OBJECT_CONVERSION = YES_AGGRESSIVE;
				CLANG_CXX_LANGUAGE_STANDARD = "gnu++14";
				CLANG_CXX_LIBRARY = "libc++";
				CLANG_ENABLE_MODULES = YES;
				CLANG_ENABLE_OBJC_ARC = YES;
				CLANG_ENABLE_OBJC_WEAK = YES;
				CLANG_WARN_BLOCK_CAPTURE_AUTORELEASING = YES;
				CLANG_WARN_BOOL_CONVERSION = YES;
				CLANG_WARN_COMMA = YES;
				CLANG_WARN_CONSTANT_CONVERSION = YES;
				CLANG_WARN_DEPRECATED_OBJC_IMPLEMENTATIONS = YES;
				CLANG_WARN_DIRECT_OBJC_ISA_USAGE = YES_ERROR;
				CLANG_WARN_DOCUMENTATION_COMMENTS = YES;
				CLANG_WARN_EMPTY_BODY = YES;
				CLANG_WARN_ENUM_CONVERSION = YES;
				CLANG_WARN_INFINITE_RECURSION = YES;
				CLANG_WARN_INT_CONVERSION = YES;
				CLANG_WARN_NON_LITERAL_NULL_CONVERSION = YES;
				CLANG_WARN_OBJC_IMPLICIT_RETAIN_SELF = YES;
				CLANG_WARN_OBJC_LITERAL_CONVERSION = YES;
				CLANG_WARN_OBJC_ROOT_CLASS = YES_ERROR;
				CLANG_WARN_RANGE_LOOP_ANALYSIS = YES;
				CLANG_WARN_STRICT_PROTOTYPES = YES;
				CLANG_WARN_SUSPICIOUS_MOVE = YES;
				CLANG_WARN_UNGUARDED_AVAILABILITY = YES_AGGRESSIVE;
				CLANG_WARN_UNREACHABLE_CODE = YES;
				CLANG_WARN__DUPLICATE_METHOD_MATCH = YES;
				COPY_PHASE_STRIP = NO;
				DEBUG_INFORMATION_FORMAT = "dwarf-with-dsym";
				ENABLE_NS_ASSERTIONS = NO;
				ENABLE_STRICT_OBJC_MSGSEND = YES;
				GCC_C_LANGUAGE_STANDARD = gnu11;
				GCC_NO_COMMON_BLOCKS = YES;
				GCC_WARN_64_TO_32_BIT_CONVERSION = YES;
				GCC_WARN_ABOUT_RETURN_TYPE = YES_ERROR;
				GCC_WARN_UNDECLARED_SELECTOR = YES;
				GCC_WARN_UNINITIALIZED_AUTOS = YES_AGGRESSIVE;
				GCC_WARN_UNUSED_FUNCTION = YES;
				GCC_WARN_UNUSED_VARIABLE = YES;
				IPHONEOS_DEPLOYMENT_TARGET = 13.0;
				MTL_ENABLE_DEBUG_INFO = NO;
				MTL_FAST_MATH = YES;
				SDKROOT = iphoneos;
				SWIFT_COMPILATION_MODE = wholemodule;
				SWIFT_OPTIMIZATION_LEVEL = "-O";
				VALIDATE_PRODUCT = YES;
			};
			name = Release;
		};
		7C76C66E23ACEC18007AA56B /* Debug */ = {
			isa = XCBuildConfiguration;
			buildSettings = {
				ASSETCATALOG_COMPILER_APPICON_NAME = AppIcon;
				CODE_SIGN_STYLE = Automatic;
				INFOPLIST_FILE = TMDBManager/Info.plist;
				LD_RUNPATH_SEARCH_PATHS = (
					"$(inherited)",
					"@executable_path/Frameworks",
				);
				PRODUCT_BUNDLE_IDENTIFIER = dvpris06.TMDBManager;
				PRODUCT_NAME = "$(TARGET_NAME)";
				SWIFT_VERSION = 5.0;
				TARGETED_DEVICE_FAMILY = "1,2";
			};
			name = Debug;
		};
		7C76C66F23ACEC18007AA56B /* Release */ = {
			isa = XCBuildConfiguration;
			buildSettings = {
				ASSETCATALOG_COMPILER_APPICON_NAME = AppIcon;
				CODE_SIGN_STYLE = Automatic;
				INFOPLIST_FILE = TMDBManager/Info.plist;
				LD_RUNPATH_SEARCH_PATHS = (
					"$(inherited)",
					"@executable_path/Frameworks",
				);
				PRODUCT_BUNDLE_IDENTIFIER = dvpris06.TMDBManager;
				PRODUCT_NAME = "$(TARGET_NAME)";
				SWIFT_VERSION = 5.0;
				TARGETED_DEVICE_FAMILY = "1,2";
			};
			name = Release;
		};
/* End XCBuildConfiguration section */

/* Begin XCConfigurationList section */
		7C76C65423ACEC17007AA56B /* Build configuration list for PBXProject "TMDBManager" */ = {
			isa = XCConfigurationList;
			buildConfigurations = (
				7C76C66B23ACEC18007AA56B /* Debug */,
				7C76C66C23ACEC18007AA56B /* Release */,
			);
			defaultConfigurationIsVisible = 0;
			defaultConfigurationName = Release;
		};
		7C76C66D23ACEC18007AA56B /* Build configuration list for PBXNativeTarget "TMDBManager" */ = {
			isa = XCConfigurationList;
			buildConfigurations = (
				7C76C66E23ACEC18007AA56B /* Debug */,
				7C76C66F23ACEC18007AA56B /* Release */,
			);
			defaultConfigurationIsVisible = 0;
			defaultConfigurationName = Release;
		};
/* End XCConfigurationList section */
	};
	rootObject = 7C76C65123ACEC17007AA56B /* Project object */;
}
